
Microsoft Visual Studio Solution File, Format Version 12.00
# Visual Studio 15
VisualStudioVersion = 15.0.26430.12
MinimumVisualStudioVersion = 10.0.40219.1
Project("{9A19103F-16F7-4668-BE54-9A1E7A4F7556}") = "Logging", "Logging\Logging.csproj", "{22989A64-84E8-45D1-A181-A9BEB17BE2B3}"
EndProject
Project("{9A19103F-16F7-4668-BE54-9A1E7A4F7556}") = "Flow", "Flow\Flow.csproj", "{B4871488-BEAF-48BE-8399-B1521539CBA9}"
EndProject
Project("{9A19103F-16F7-4668-BE54-9A1E7A4F7556}") = "Logging.Serilog", "Logging.Serilog\Logging.Serilog.csproj", "{9DAA8DF7-9AC1-4DD3-BD24-C92A8269AC58}"
EndProject
Project("{FAE04EC0-301F-11D3-BF4B-00C04F79EFBC}") = "Logging.Serilog.Example", "Logging.Serilog.Example\Logging.Serilog.Example.csproj", "{E6E2BAE6-7B4D-48F8-B04E-B0DADD7592B2}"
EndProject
Global
	GlobalSection(SolutionConfigurationPlatforms) = preSolution
		Debug|Any CPU = Debug|Any CPU
		Release|Any CPU = Release|Any CPU
	EndGlobalSection
	GlobalSection(ProjectConfigurationPlatforms) = postSolution
		{22989A64-84E8-45D1-A181-A9BEB17BE2B3}.Debug|Any CPU.ActiveCfg = Debug|Any CPU
		{22989A64-84E8-45D1-A181-A9BEB17BE2B3}.Debug|Any CPU.Build.0 = Debug|Any CPU
		{22989A64-84E8-45D1-A181-A9BEB17BE2B3}.Release|Any CPU.ActiveCfg = Release|Any CPU
		{22989A64-84E8-45D1-A181-A9BEB17BE2B3}.Release|Any CPU.Build.0 = Release|Any CPU
		{B4871488-BEAF-48BE-8399-B1521539CBA9}.Debug|Any CPU.ActiveCfg = Debug|Any CPU
		{B4871488-BEAF-48BE-8399-B1521539CBA9}.Debug|Any CPU.Build.0 = Debug|Any CPU
		{B4871488-BEAF-48BE-8399-B1521539CBA9}.Release|Any CPU.ActiveCfg = Release|Any CPU
		{B4871488-BEAF-48BE-8399-B1521539CBA9}.Release|Any CPU.Build.0 = Release|Any CPU
		{9DAA8DF7-9AC1-4DD3-BD24-C92A8269AC58}.Debug|Any CPU.ActiveCfg = Debug|Any CPU
		{9DAA8DF7-9AC1-4DD3-BD24-C92A8269AC58}.Debug|Any CPU.Build.0 = Debug|Any CPU
		{9DAA8DF7-9AC1-4DD3-BD24-C92A8269AC58}.Release|Any CPU.ActiveCfg = Release|Any CPU
		{9DAA8DF7-9AC1-4DD3-BD24-C92A8269AC58}.Release|Any CPU.Build.0 = Release|Any CPU
		{E6E2BAE6-7B4D-48F8-B04E-B0DADD7592B2}.Debug|Any CPU.ActiveCfg = Debug|Any CPU
		{E6E2BAE6-7B4D-48F8-B04E-B0DADD7592B2}.Debug|Any CPU.Build.0 = Debug|Any CPU
		{E6E2BAE6-7B4D-48F8-B04E-B0DADD7592B2}.Release|Any CPU.ActiveCfg = Release|Any CPU
		{E6E2BAE6-7B4D-48F8-B04E-B0DADD7592B2}.Release|Any CPU.Build.0 = Release|Any CPU
	EndGlobalSection
	GlobalSection(SolutionProperties) = preSolution
		HideSolutionNode = FALSE
	EndGlobalSection
EndGlobal
