
Microsoft Visual Studio Solution File, Format Version 12.00
# Visual Studio 15
VisualStudioVersion = 15.0.26730.12
MinimumVisualStudioVersion = 10.0.40219.1
Project("{9A19103F-16F7-4668-BE54-9A1E7A4F7556}") = "Vostok.ClusterClient", "Vostok.ClusterClient\Vostok.ClusterClient.csproj", "{5E0DBEF6-7CBC-458E-8044-E04ACDCD9C8C}"
EndProject
Project("{9A19103F-16F7-4668-BE54-9A1E7A4F7556}") = "Vostok.ClusterClient.Tests", "Vostok.ClusterClient.Tests\Vostok.ClusterClient.Tests.csproj", "{2636F780-73A6-465E-B2E3-B54F093A1369}"
EndProject
Project("{9A19103F-16F7-4668-BE54-9A1E7A4F7556}") = "Vostok.ClusterClient.Transport.Http", "Vostok.ClusterClient.Transport.Http\Vostok.ClusterClient.Transport.Http.csproj", "{D30077C2-819B-493C-BD87-F1701093D640}"
EndProject
Project("{9A19103F-16F7-4668-BE54-9A1E7A4F7556}") = "Vostok.ClusterClient.Transport.Http.Tests", "Vostok.ClusterClient.Transport.Http.Tests\Vostok.ClusterClient.Transport.Http.Tests.csproj", "{BAD5E4C7-67E7-45CB-80BC-8E28D38CBC61}"
EndProject
Global
	GlobalSection(SolutionConfigurationPlatforms) = preSolution
		Debug|Any CPU = Debug|Any CPU
		Release|Any CPU = Release|Any CPU
	EndGlobalSection
	GlobalSection(ProjectConfigurationPlatforms) = postSolution
		{5E0DBEF6-7CBC-458E-8044-E04ACDCD9C8C}.Debug|Any CPU.ActiveCfg = Debug|Any CPU
		{5E0DBEF6-7CBC-458E-8044-E04ACDCD9C8C}.Debug|Any CPU.Build.0 = Debug|Any CPU
		{5E0DBEF6-7CBC-458E-8044-E04ACDCD9C8C}.Release|Any CPU.ActiveCfg = Release|Any CPU
		{5E0DBEF6-7CBC-458E-8044-E04ACDCD9C8C}.Release|Any CPU.Build.0 = Release|Any CPU
		{2636F780-73A6-465E-B2E3-B54F093A1369}.Debug|Any CPU.ActiveCfg = Debug|Any CPU
		{2636F780-73A6-465E-B2E3-B54F093A1369}.Debug|Any CPU.Build.0 = Debug|Any CPU
		{2636F780-73A6-465E-B2E3-B54F093A1369}.Release|Any CPU.ActiveCfg = Release|Any CPU
		{2636F780-73A6-465E-B2E3-B54F093A1369}.Release|Any CPU.Build.0 = Release|Any CPU
		{D30077C2-819B-493C-BD87-F1701093D640}.Debug|Any CPU.ActiveCfg = Debug|Any CPU
		{D30077C2-819B-493C-BD87-F1701093D640}.Debug|Any CPU.Build.0 = Debug|Any CPU
		{D30077C2-819B-493C-BD87-F1701093D640}.Release|Any CPU.ActiveCfg = Release|Any CPU
		{D30077C2-819B-493C-BD87-F1701093D640}.Release|Any CPU.Build.0 = Release|Any CPU
		{BAD5E4C7-67E7-45CB-80BC-8E28D38CBC61}.Debug|Any CPU.ActiveCfg = Debug|Any CPU
		{BAD5E4C7-67E7-45CB-80BC-8E28D38CBC61}.Debug|Any CPU.Build.0 = Debug|Any CPU
		{BAD5E4C7-67E7-45CB-80BC-8E28D38CBC61}.Release|Any CPU.ActiveCfg = Release|Any CPU
		{BAD5E4C7-67E7-45CB-80BC-8E28D38CBC61}.Release|Any CPU.Build.0 = Release|Any CPU
	EndGlobalSection
	GlobalSection(SolutionProperties) = preSolution
		HideSolutionNode = FALSE
	EndGlobalSection
	GlobalSection(ExtensibilityGlobals) = postSolution
		SolutionGuid = {60D1861D-7504-4ADE-9CC4-381F61483573}
	EndGlobalSection
EndGlobal
