
Microsoft Visual Studio Solution File, Format Version 12.00
# Visual Studio 15
VisualStudioVersion = 15.0.27004.2005
MinimumVisualStudioVersion = 10.0.40219.1
Project("{9A19103F-16F7-4668-BE54-9A1E7A4F7556}") = "Vostok.Core", "Vostok.Core\Vostok.Core.csproj", "{B4871488-BEAF-48BE-8399-B1521539CBA9}"
EndProject
Project("{9A19103F-16F7-4668-BE54-9A1E7A4F7556}") = "Vostok.Core.Tests", "Vostok.Core.Tests\Vostok.Core.Tests.csproj", "{14367A5F-CB94-4188-9D82-BED970C51D2F}"
EndProject
Project("{9A19103F-16F7-4668-BE54-9A1E7A4F7556}") = "Vostok.ClusterClient", "Vostok.ClusterClient\Vostok.ClusterClient.csproj", "{AE3F0189-1CE5-4973-B5CB-DC73AA5696C7}"
EndProject
Project("{9A19103F-16F7-4668-BE54-9A1E7A4F7556}") = "Vostok.ClusterClient.Transport.Http", "Vostok.ClusterClient.Transport.Http\Vostok.ClusterClient.Transport.Http.csproj", "{E5D6EC8B-594C-4425-AD6A-1BB0821ADE5C}"
EndProject
Project("{9A19103F-16F7-4668-BE54-9A1E7A4F7556}") = "Vostok.Airlock.Client", "Vostok.Airlock.Client\Vostok.Airlock.Client.csproj", "{38113DA7-4A2C-4EFB-BCBE-515D5A787556}"
EndProject
Project("{9A19103F-16F7-4668-BE54-9A1E7A4F7556}") = "Vostok.Hosting", "Vostok.Hosting\Vostok.Hosting.csproj", "{4C921970-0F5D-4CC8-B88F-F0207812D2B8}"
EndProject
Global
	GlobalSection(SolutionConfigurationPlatforms) = preSolution
		Debug|Any CPU = Debug|Any CPU
		Release|Any CPU = Release|Any CPU
	EndGlobalSection
	GlobalSection(ProjectConfigurationPlatforms) = postSolution
		{B4871488-BEAF-48BE-8399-B1521539CBA9}.Debug|Any CPU.ActiveCfg = Debug|Any CPU
		{B4871488-BEAF-48BE-8399-B1521539CBA9}.Debug|Any CPU.Build.0 = Debug|Any CPU
		{B4871488-BEAF-48BE-8399-B1521539CBA9}.Release|Any CPU.ActiveCfg = Release|Any CPU
		{B4871488-BEAF-48BE-8399-B1521539CBA9}.Release|Any CPU.Build.0 = Release|Any CPU
		{14367A5F-CB94-4188-9D82-BED970C51D2F}.Debug|Any CPU.ActiveCfg = Debug|Any CPU
		{14367A5F-CB94-4188-9D82-BED970C51D2F}.Debug|Any CPU.Build.0 = Debug|Any CPU
		{14367A5F-CB94-4188-9D82-BED970C51D2F}.Release|Any CPU.ActiveCfg = Release|Any CPU
		{14367A5F-CB94-4188-9D82-BED970C51D2F}.Release|Any CPU.Build.0 = Release|Any CPU
		{AE3F0189-1CE5-4973-B5CB-DC73AA5696C7}.Debug|Any CPU.ActiveCfg = Debug|Any CPU
		{AE3F0189-1CE5-4973-B5CB-DC73AA5696C7}.Debug|Any CPU.Build.0 = Debug|Any CPU
		{AE3F0189-1CE5-4973-B5CB-DC73AA5696C7}.Release|Any CPU.ActiveCfg = Release|Any CPU
		{AE3F0189-1CE5-4973-B5CB-DC73AA5696C7}.Release|Any CPU.Build.0 = Release|Any CPU
		{E5D6EC8B-594C-4425-AD6A-1BB0821ADE5C}.Debug|Any CPU.ActiveCfg = Debug|Any CPU
		{E5D6EC8B-594C-4425-AD6A-1BB0821ADE5C}.Debug|Any CPU.Build.0 = Debug|Any CPU
		{E5D6EC8B-594C-4425-AD6A-1BB0821ADE5C}.Release|Any CPU.ActiveCfg = Release|Any CPU
		{E5D6EC8B-594C-4425-AD6A-1BB0821ADE5C}.Release|Any CPU.Build.0 = Release|Any CPU
		{38113DA7-4A2C-4EFB-BCBE-515D5A787556}.Debug|Any CPU.ActiveCfg = Debug|Any CPU
		{38113DA7-4A2C-4EFB-BCBE-515D5A787556}.Debug|Any CPU.Build.0 = Debug|Any CPU
		{38113DA7-4A2C-4EFB-BCBE-515D5A787556}.Release|Any CPU.ActiveCfg = Release|Any CPU
		{38113DA7-4A2C-4EFB-BCBE-515D5A787556}.Release|Any CPU.Build.0 = Release|Any CPU
		{4C921970-0F5D-4CC8-B88F-F0207812D2B8}.Debug|Any CPU.ActiveCfg = Debug|Any CPU
		{4C921970-0F5D-4CC8-B88F-F0207812D2B8}.Debug|Any CPU.Build.0 = Debug|Any CPU
		{4C921970-0F5D-4CC8-B88F-F0207812D2B8}.Release|Any CPU.ActiveCfg = Release|Any CPU
		{4C921970-0F5D-4CC8-B88F-F0207812D2B8}.Release|Any CPU.Build.0 = Release|Any CPU
	EndGlobalSection
	GlobalSection(SolutionProperties) = preSolution
		HideSolutionNode = FALSE
	EndGlobalSection
	GlobalSection(ExtensibilityGlobals) = postSolution
		SolutionGuid = {60D1861D-7504-4ADE-9CC4-381F61483573}
	EndGlobalSection
EndGlobal
