
Microsoft Visual Studio Solution File, Format Version 12.00
# Visual Studio 15
VisualStudioVersion = 15.0.26730.3
MinimumVisualStudioVersion = 10.0.40219.1
Project("{FAE04EC0-301F-11D3-BF4B-00C04F79EFBC}") = "Vostok.Airlock.Client", "Vostok.Airlock.Client\Vostok.Airlock.Client.csproj", "{78C7B2DB-7930-41E2-9445-BB24BDCCFECF}"
EndProject
Project("{FAE04EC0-301F-11D3-BF4B-00C04F79EFBC}") = "Vostok.Airlock.Client.Tests", "Vostok.Airlock.Client.Tests\Vostok.Airlock.Client.Tests.csproj", "{BF9A560F-C4AF-447A-9A61-1119347D5FA9}"
EndProject
Global
	GlobalSection(SolutionConfigurationPlatforms) = preSolution
		Debug|Any CPU = Debug|Any CPU
		Release|Any CPU = Release|Any CPU
	EndGlobalSection
	GlobalSection(ProjectConfigurationPlatforms) = postSolution
		{78C7B2DB-7930-41E2-9445-BB24BDCCFECF}.Debug|Any CPU.ActiveCfg = Debug|Any CPU
		{78C7B2DB-7930-41E2-9445-BB24BDCCFECF}.Debug|Any CPU.Build.0 = Debug|Any CPU
		{78C7B2DB-7930-41E2-9445-BB24BDCCFECF}.Release|Any CPU.ActiveCfg = Release|Any CPU
		{78C7B2DB-7930-41E2-9445-BB24BDCCFECF}.Release|Any CPU.Build.0 = Release|Any CPU
		{BF9A560F-C4AF-447A-9A61-1119347D5FA9}.Debug|Any CPU.ActiveCfg = Debug|Any CPU
		{BF9A560F-C4AF-447A-9A61-1119347D5FA9}.Debug|Any CPU.Build.0 = Debug|Any CPU
		{BF9A560F-C4AF-447A-9A61-1119347D5FA9}.Release|Any CPU.ActiveCfg = Release|Any CPU
		{BF9A560F-C4AF-447A-9A61-1119347D5FA9}.Release|Any CPU.Build.0 = Release|Any CPU
	EndGlobalSection
	GlobalSection(SolutionProperties) = preSolution
		HideSolutionNode = FALSE
	EndGlobalSection
	GlobalSection(ExtensibilityGlobals) = postSolution
		SolutionGuid = {D404E849-C276-4125-95E1-6CD9813A7E67}
	EndGlobalSection
EndGlobal
